
Microsoft Visual Studio Solution File, Format Version 12.00
Project("{FAE04EC0-301F-11D3-BF4B-00C04F79EFBC}") = "Kiki", "Kiki\Kiki.csproj", "{60555B0D-9325-475B-B1D3-43795BA27956}"
EndProject
Global
	GlobalSection(SolutionConfigurationPlatforms) = preSolution
		Debug|Any CPU = Debug|Any CPU
		Release|Any CPU = Release|Any CPU
	EndGlobalSection
	GlobalSection(ProjectConfigurationPlatforms) = postSolution
		{60555B0D-9325-475B-B1D3-43795BA27956}.Debug|Any CPU.ActiveCfg = Debug|Any CPU
		{60555B0D-9325-475B-B1D3-43795BA27956}.Debug|Any CPU.Build.0 = Debug|Any CPU
		{60555B0D-9325-475B-B1D3-43795BA27956}.Release|Any CPU.ActiveCfg = Release|Any CPU
		{60555B0D-9325-475B-B1D3-43795BA27956}.Release|Any CPU.Build.0 = Release|Any CPU
	EndGlobalSection
EndGlobal
